
Microsoft Visual Studio Solution File, Format Version 12.00
# Visual Studio Version 17
VisualStudioVersion = 17.5.33627.172
MinimumVisualStudioVersion = 10.0.40219.1
Project("{8BC9CEB8-8B4A-11D0-8D11-00A0C91BC942}") = "TerrainViewer", "TerrainViewer\TerrainViewer.vcxproj", "{5C2820CA-8C43-4F94-A5C2-65915187F6E8}"
EndProject
Global
	GlobalSection(SolutionConfigurationPlatforms) = preSolution
		Debug|x64 = Debug|x64
		Release|x64 = Release|x64
	EndGlobalSection
	GlobalSection(ProjectConfigurationPlatforms) = postSolution
		{5C2820CA-8C43-4F94-A5C2-65915187F6E8}.Debug|x64.ActiveCfg = Debug|x64
		{5C2820CA-8C43-4F94-A5C2-65915187F6E8}.Debug|x64.Build.0 = Debug|x64
		{5C2820CA-8C43-4F94-A5C2-65915187F6E8}.Release|x64.ActiveCfg = Release|x64
		{5C2820CA-8C43-4F94-A5C2-65915187F6E8}.Release|x64.Build.0 = Release|x64
	EndGlobalSection
	GlobalSection(SolutionProperties) = preSolution
		HideSolutionNode = FALSE
	EndGlobalSection
	GlobalSection(ExtensibilityGlobals) = postSolution
		SolutionGuid = {FC30D090-D031-4224-9E6F-898EA5A92AF2}
	EndGlobalSection
EndGlobal
